{
  "nodes": {
    "b10c-nix": {
      "inputs": {
        "nixpkgs": [
          "nixpkgs"
        ]
      },
      "locked": {
        "lastModified": 1783516101,
        "narHash": "sha256-CwdKZ+Gg/cbP2KizMb+pwMeh7K4Kp7WZi3F17kPc3hQ=",
        "owner": "0xB10C",
        "repo": "nix",
        "rev": "0b723ae092e6afdd2f22d95e907e0c50e9f03d22",
        "type": "github"
      },
      "original": {
        "owner": "0xB10C",
        "repo": "nix",
        "type": "github"
      }
    },
    "disko": {
      "inputs": {
        "nixpkgs": [
          "nixpkgs"
        ]
      },
      "locked": {
        "lastModified": 1776613567,
        "narHash": "sha256-gC9Cp5ibBmGD5awCA9z7xy6MW6iJufhazTYJOiGlCUI=",
        "owner": "nix-community",
        "repo": "disko",
        "rev": "32f4236bfc141ae930b5ba2fb604f561fed5219d",
        "type": "github"
      },
      "original": {
        "owner": "nix-community",
        "repo": "disko",
        "type": "github"
      }
    },
    "dnsseedrs": {
      "flake": false,
      "locked": {
        "lastModified": 1789631034,
        "narHash": "sha256-znx7iAWDVIworDV9EB17I6zLME3fgiyTNtyo292aUCw=",
        "owner": "willcl-ark",
        "repo": "dnsseedrs",
        "rev": "2e8f7969405935c366afee6d889e255653c5bb57",
        "type": "github"
      },
      "original": {
        "owner": "willcl-ark",
        "repo": "dnsseedrs",
        "type": "github"
      }
    },
    "flake-parts": {
      "inputs": {
        "nixpkgs-lib": "nixpkgs-lib"
      },
      "locked": {
        "lastModified": 1775087534,
        "narHash": "sha256-91qqW8lhL7TLwgQWijoGBbiD4t7/q75KTi8NxjVmSmA=",
        "owner": "hercules-ci",
        "repo": "flake-parts",
        "rev": "3107b77cd68437b9a76194f0f7f9c55f2329ca5b",
        "type": "github"
      },
      "original": {
        "owner": "hercules-ci",
        "repo": "flake-parts",
        "type": "github"
      }
    },
    "forgejo-src": {
      "flake": false,
      "locked": {
        "lastModified": 1782294272,
        "narHash": "sha256-BViC5v5a9moudd1SjzWSEOSxP0ivBWcExH52q4dZSvs=",
        "owner": "willcl-ark",
        "repo": "forgejo",
        "rev": "63f89cf25dcec6c11456d785048d615a7c5b6947",
        "type": "github"
      },
      "original": {
        "owner": "willcl-ark",
        "ref": "full-mirror",
        "repo": "forgejo",
        "type": "github"
      }
    },
    "niks3": {
      "inputs": {
        "nixpkgs": [
          "nixpkgs"
        ],
        "treefmt-nix": "treefmt-nix"
      },
      "locked": {
        "lastModified": 1786014695,
        "narHash": "sha256-to1UGPixvqyQwl1UC05/e+o3MYiIJ1DZ6m48xovDsq0=",
        "owner": "Mic92",
        "repo": "niks3",
        "rev": "76cb73a99911bef6a395cf331c36e6f4e620c6a9",
        "type": "github"
      },
      "original": {
        "owner": "Mic92",
        "repo": "niks3",
        "type": "github"
      }
    },
    "nixpkgs": {
      "locked": {
        "lastModified": 1781808408,
        "narHash": "sha256-0sOb6OIaD/K1zHxBhpmlKvkADfe0n8+l4Jj2e1Q0r3w=",
        "owner": "NixOS",
        "repo": "nixpkgs",
        "rev": "e8210c649915deed7080033cdbabcc19e40bb899",
        "type": "github"
      },
      "original": {
        "owner": "NixOS",
        "ref": "nixos-26.05",
        "repo": "nixpkgs",
        "type": "github"
      }
    },
    "nixpkgs-lib": {
      "locked": {
        "lastModified": 1774748309,
        "narHash": "sha256-+U7gF3qxzwD5TZuANzZPeJTZRHS29OFQgkQ2kiTJBIQ=",
        "owner": "nix-community",
        "repo": "nixpkgs.lib",
        "rev": "333c4e0545a6da976206c74db8773a1645b5870a",
        "type": "github"
      },
      "original": {
        "owner": "nix-community",
        "repo": "nixpkgs.lib",
        "type": "github"
      }
    },
    "root": {
      "inputs": {
        "b10c-nix": "b10c-nix",
        "disko": "disko",
        "dnsseedrs": "dnsseedrs",
        "flake-parts": "flake-parts",
        "forgejo-src": "forgejo-src",
        "niks3": "niks3",
        "nixpkgs": "nixpkgs",
        "sops-nix": "sops-nix",
        "will-nix": "will-nix"
      }
    },
    "sops-nix": {
      "inputs": {
        "nixpkgs": [
          "nixpkgs"
        ]
      },
      "locked": {
        "lastModified": 1776119890,
        "narHash": "sha256-Zm6bxLNnEOYuS/SzrAGsYuXSwk3cbkRQZY0fJnk8a5M=",
        "owner": "Mic92",
        "repo": "sops-nix",
        "rev": "d4971dd58c6627bfee52a1ad4237637c0a2fb0cd",
        "type": "github"
      },
      "original": {
        "owner": "Mic92",
        "repo": "sops-nix",
        "type": "github"
      }
    },
    "treefmt-nix": {
      "inputs": {
        "nixpkgs": [
          "niks3",
          "nixpkgs"
        ]
      },
      "locked": {
        "lastModified": 1785360170,
        "narHash": "sha256-XE1lKgQ3eIO3E7zWryqcRsax+mYXod/5RHBn4YaR9YE=",
        "owner": "numtide",
        "repo": "treefmt-nix",
        "rev": "d1187f8bc71fb8aab02395869ec3f5c1920f75c0",
        "type": "github"
      },
      "original": {
        "owner": "numtide",
        "repo": "treefmt-nix",
        "type": "github"
      }
    },
    "will-nix": {
      "inputs": {
        "nixpkgs": [
          "nixpkgs"
        ]
      },
      "locked": {
        "lastModified": 1790763293,
        "narHash": "sha256-1RtbLu6Zejf6FNHub+GryJJLiHYDA6MMonG3I0e2OaI=",
        "owner": "willcl-ark",
        "repo": "nix",
        "rev": "68fb4401a1a289131f9091761b1fad1035fb6ef9",
        "type": "github"
      },
      "original": {
        "owner": "willcl-ark",
        "repo": "nix",
        "type": "github"
      }
    }
  },
  "root": "root",
  "version": 7
}
